
Microsoft Visual Studio Solution File, Format Version 12.00
# Visual Studio 15
VisualStudioVersion = 15.0.27130.2036
MinimumVisualStudioVersion = 10.0.40219.1
Project("{FAE04EC0-301F-11D3-BF4B-00C04F79EFBC}") = "WpfPractise", "WpfPractise\WpfPractise.csproj", "{105D3B34-9838-4464-B977-8D01A418275D}"
EndProject
Project("{FAE04EC0-301F-11D3-BF4B-00C04F79EFBC}") = "WinFormControl", "WinFormControl\WinFormControl.csproj", "{C87B8F5C-4004-4F23-A2A7-D13A6636423B}"
EndProject
Project("{FAE04EC0-301F-11D3-BF4B-00C04F79EFBC}") = "Reflection", "Reflection\Reflection.csproj", "{F9EA8A7C-3F31-4799-A0E2-5959B4221228}"
EndProject
Project("{FAE04EC0-301F-11D3-BF4B-00C04F79EFBC}") = "Indexers", "Indexers\Indexers.csproj", "{ABAB75DE-5ABF-4775-9D87-811D99F1AE25}"
EndProject
Project("{FAE04EC0-301F-11D3-BF4B-00C04F79EFBC}") = "WraperControl", "WraperControl\WraperControl.csproj", "{6DC028CA-BD4A-4F61-8BE4-EEB8ADE22F45}"
EndProject
Project("{FAE04EC0-301F-11D3-BF4B-00C04F79EFBC}") = "EntityFramework", "..\EntityFramework\EntityFramework.csproj", "{F4A9974D-80F2-4C12-B7B8-CAB33DD542E5}"
EndProject
Project("{FAE04EC0-301F-11D3-BF4B-00C04F79EFBC}") = "CustomePopUp", "CustomePopUp\CustomePopUp.csproj", "{684A8D16-0CD0-4CA7-B677-3771BA4EE8D6}"
EndProject
Project("{FAE04EC0-301F-11D3-BF4B-00C04F79EFBC}") = "ListColBinding", "..\ListColBinding\ListColBinding.csproj", "{480DE32C-DC67-491D-9476-310871A783CF}"
EndProject
Project("{FAE04EC0-301F-11D3-BF4B-00C04F79EFBC}") = "EmpDeptMVVM", "EmpDeptMVVM\EmpDeptMVVM.csproj", "{F0596649-21F7-4F24-AE15-6CBD9046624E}"
EndProject
Project("{FAE04EC0-301F-11D3-BF4B-00C04F79EFBC}") = "SaveGrid1", "..\..\..\..\SaveGrid1\SaveGrid1\SaveGrid1.csproj", "{708C1E25-4434-4CFF-88F7-7BA0EF72A34D}"
EndProject
Project("{FAE04EC0-301F-11D3-BF4B-00C04F79EFBC}") = "DependencyInjection", "DependencyInjection\DependencyInjection.csproj", "{7534BFB5-AC70-4CAD-B6B9-15250A589B8E}"
EndProject
Project("{FAE04EC0-301F-11D3-BF4B-00C04F79EFBC}") = "ServiceLocator", "ServiceLocator\ServiceLocator.csproj", "{198DA3EE-E90D-4D27-B65F-3580D937AEFE}"
EndProject
Project("{FAE04EC0-301F-11D3-BF4B-00C04F79EFBC}") = "GridToExcel", "GridToExcel\GridToExcel.csproj", "{5EA94655-A6A6-464F-891F-91C1898164B4}"
EndProject
Project("{2150E333-8FDC-42A3-9474-1A3956D46DE8}") = "wcf", "wcf", "{FFBB29A5-99B5-4A3A-8E82-CE8FCB1D4C64}"
EndProject
Project("{FAE04EC0-301F-11D3-BF4B-00C04F79EFBC}") = "DemoWcfClient", "DemoWcfClient\DemoWcfClient.csproj", "{DD8DA9E3-D5E7-4397-B90E-0789A44A84CD}"
	ProjectSection(ProjectDependencies) = postProject
		{8A1E8ED3-A667-4672-8FF1-0655A3791470} = {8A1E8ED3-A667-4672-8FF1-0655A3791470}
	EndProjectSection
EndProject
Project("{FAE04EC0-301F-11D3-BF4B-00C04F79EFBC}") = "WcfServiceLibrary1", "WcfServiceLibrary1\WcfServiceLibrary1.csproj", "{8A1E8ED3-A667-4672-8FF1-0655A3791470}"
EndProject
Project("{FAE04EC0-301F-11D3-BF4B-00C04F79EFBC}") = "Practise", "..\..\..\..\Practise-\Practise\Practise.csproj", "{D9387F02-48B6-4151-BDD7-4ED4F942BB57}"
EndProject
Project("{FAE04EC0-301F-11D3-BF4B-00C04F79EFBC}") = "PLSQL_PACKAGES", "PLSQL_PACKAGES\PLSQL_PACKAGES.csproj", "{D3C0EB7C-D7F9-495C-8071-48EE8B969AD0}"
EndProject
Global
	GlobalSection(SolutionConfigurationPlatforms) = preSolution
		Debug|Any CPU = Debug|Any CPU
		Release|Any CPU = Release|Any CPU
	EndGlobalSection
	GlobalSection(ProjectConfigurationPlatforms) = postSolution
		{105D3B34-9838-4464-B977-8D01A418275D}.Debug|Any CPU.ActiveCfg = Debug|Any CPU
		{105D3B34-9838-4464-B977-8D01A418275D}.Debug|Any CPU.Build.0 = Debug|Any CPU
		{105D3B34-9838-4464-B977-8D01A418275D}.Release|Any CPU.ActiveCfg = Release|Any CPU
		{105D3B34-9838-4464-B977-8D01A418275D}.Release|Any CPU.Build.0 = Release|Any CPU
		{C87B8F5C-4004-4F23-A2A7-D13A6636423B}.Debug|Any CPU.ActiveCfg = Debug|Any CPU
		{C87B8F5C-4004-4F23-A2A7-D13A6636423B}.Debug|Any CPU.Build.0 = Debug|Any CPU
		{C87B8F5C-4004-4F23-A2A7-D13A6636423B}.Release|Any CPU.ActiveCfg = Release|Any CPU
		{C87B8F5C-4004-4F23-A2A7-D13A6636423B}.Release|Any CPU.Build.0 = Release|Any CPU
		{F9EA8A7C-3F31-4799-A0E2-5959B4221228}.Debug|Any CPU.ActiveCfg = Debug|Any CPU
		{F9EA8A7C-3F31-4799-A0E2-5959B4221228}.Debug|Any CPU.Build.0 = Debug|Any CPU
		{F9EA8A7C-3F31-4799-A0E2-5959B4221228}.Release|Any CPU.ActiveCfg = Release|Any CPU
		{F9EA8A7C-3F31-4799-A0E2-5959B4221228}.Release|Any CPU.Build.0 = Release|Any CPU
		{ABAB75DE-5ABF-4775-9D87-811D99F1AE25}.Debug|Any CPU.ActiveCfg = Debug|Any CPU
		{ABAB75DE-5ABF-4775-9D87-811D99F1AE25}.Debug|Any CPU.Build.0 = Debug|Any CPU
		{ABAB75DE-5ABF-4775-9D87-811D99F1AE25}.Release|Any CPU.ActiveCfg = Release|Any CPU
		{ABAB75DE-5ABF-4775-9D87-811D99F1AE25}.Release|Any CPU.Build.0 = Release|Any CPU
		{6DC028CA-BD4A-4F61-8BE4-EEB8ADE22F45}.Debug|Any CPU.ActiveCfg = Debug|Any CPU
		{6DC028CA-BD4A-4F61-8BE4-EEB8ADE22F45}.Debug|Any CPU.Build.0 = Debug|Any CPU
		{6DC028CA-BD4A-4F61-8BE4-EEB8ADE22F45}.Release|Any CPU.ActiveCfg = Release|Any CPU
		{6DC028CA-BD4A-4F61-8BE4-EEB8ADE22F45}.Release|Any CPU.Build.0 = Release|Any CPU
		{F4A9974D-80F2-4C12-B7B8-CAB33DD542E5}.Debug|Any CPU.ActiveCfg = Debug|Any CPU
		{F4A9974D-80F2-4C12-B7B8-CAB33DD542E5}.Debug|Any CPU.Build.0 = Debug|Any CPU
		{F4A9974D-80F2-4C12-B7B8-CAB33DD542E5}.Release|Any CPU.ActiveCfg = Release|Any CPU
		{F4A9974D-80F2-4C12-B7B8-CAB33DD542E5}.Release|Any CPU.Build.0 = Release|Any CPU
		{684A8D16-0CD0-4CA7-B677-3771BA4EE8D6}.Debug|Any CPU.ActiveCfg = Debug|Any CPU
		{684A8D16-0CD0-4CA7-B677-3771BA4EE8D6}.Debug|Any CPU.Build.0 = Debug|Any CPU
		{684A8D16-0CD0-4CA7-B677-3771BA4EE8D6}.Release|Any CPU.ActiveCfg = Release|Any CPU
		{684A8D16-0CD0-4CA7-B677-3771BA4EE8D6}.Release|Any CPU.Build.0 = Release|Any CPU
		{480DE32C-DC67-491D-9476-310871A783CF}.Debug|Any CPU.ActiveCfg = Debug|Any CPU
		{480DE32C-DC67-491D-9476-310871A783CF}.Debug|Any CPU.Build.0 = Debug|Any CPU
		{480DE32C-DC67-491D-9476-310871A783CF}.Release|Any CPU.ActiveCfg = Release|Any CPU
		{480DE32C-DC67-491D-9476-310871A783CF}.Release|Any CPU.Build.0 = Release|Any CPU
		{F0596649-21F7-4F24-AE15-6CBD9046624E}.Debug|Any CPU.ActiveCfg = Debug|Any CPU
		{F0596649-21F7-4F24-AE15-6CBD9046624E}.Debug|Any CPU.Build.0 = Debug|Any CPU
		{F0596649-21F7-4F24-AE15-6CBD9046624E}.Release|Any CPU.ActiveCfg = Release|Any CPU
		{F0596649-21F7-4F24-AE15-6CBD9046624E}.Release|Any CPU.Build.0 = Release|Any CPU
		{708C1E25-4434-4CFF-88F7-7BA0EF72A34D}.Debug|Any CPU.ActiveCfg = Debug|Any CPU
		{708C1E25-4434-4CFF-88F7-7BA0EF72A34D}.Debug|Any CPU.Build.0 = Debug|Any CPU
		{708C1E25-4434-4CFF-88F7-7BA0EF72A34D}.Release|Any CPU.ActiveCfg = Release|Any CPU
		{708C1E25-4434-4CFF-88F7-7BA0EF72A34D}.Release|Any CPU.Build.0 = Release|Any CPU
		{7534BFB5-AC70-4CAD-B6B9-15250A589B8E}.Debug|Any CPU.ActiveCfg = Debug|Any CPU
		{7534BFB5-AC70-4CAD-B6B9-15250A589B8E}.Debug|Any CPU.Build.0 = Debug|Any CPU
		{7534BFB5-AC70-4CAD-B6B9-15250A589B8E}.Release|Any CPU.ActiveCfg = Release|Any CPU
		{7534BFB5-AC70-4CAD-B6B9-15250A589B8E}.Release|Any CPU.Build.0 = Release|Any CPU
		{198DA3EE-E90D-4D27-B65F-3580D937AEFE}.Debug|Any CPU.ActiveCfg = Debug|Any CPU
		{198DA3EE-E90D-4D27-B65F-3580D937AEFE}.Debug|Any CPU.Build.0 = Debug|Any CPU
		{198DA3EE-E90D-4D27-B65F-3580D937AEFE}.Release|Any CPU.ActiveCfg = Release|Any CPU
		{198DA3EE-E90D-4D27-B65F-3580D937AEFE}.Release|Any CPU.Build.0 = Release|Any CPU
		{5EA94655-A6A6-464F-891F-91C1898164B4}.Debug|Any CPU.ActiveCfg = Debug|Any CPU
		{5EA94655-A6A6-464F-891F-91C1898164B4}.Debug|Any CPU.Build.0 = Debug|Any CPU
		{5EA94655-A6A6-464F-891F-91C1898164B4}.Release|Any CPU.ActiveCfg = Release|Any CPU
		{5EA94655-A6A6-464F-891F-91C1898164B4}.Release|Any CPU.Build.0 = Release|Any CPU
		{DD8DA9E3-D5E7-4397-B90E-0789A44A84CD}.Debug|Any CPU.ActiveCfg = Debug|Any CPU
		{DD8DA9E3-D5E7-4397-B90E-0789A44A84CD}.Debug|Any CPU.Build.0 = Debug|Any CPU
		{DD8DA9E3-D5E7-4397-B90E-0789A44A84CD}.Release|Any CPU.ActiveCfg = Release|Any CPU
		{DD8DA9E3-D5E7-4397-B90E-0789A44A84CD}.Release|Any CPU.Build.0 = Release|Any CPU
		{8A1E8ED3-A667-4672-8FF1-0655A3791470}.Debug|Any CPU.ActiveCfg = Debug|Any CPU
		{8A1E8ED3-A667-4672-8FF1-0655A3791470}.Debug|Any CPU.Build.0 = Debug|Any CPU
		{8A1E8ED3-A667-4672-8FF1-0655A3791470}.Release|Any CPU.ActiveCfg = Release|Any CPU
		{8A1E8ED3-A667-4672-8FF1-0655A3791470}.Release|Any CPU.Build.0 = Release|Any CPU
		{D9387F02-48B6-4151-BDD7-4ED4F942BB57}.Debug|Any CPU.ActiveCfg = Debug|Any CPU
		{D9387F02-48B6-4151-BDD7-4ED4F942BB57}.Debug|Any CPU.Build.0 = Debug|Any CPU
		{D9387F02-48B6-4151-BDD7-4ED4F942BB57}.Release|Any CPU.ActiveCfg = Release|Any CPU
		{D9387F02-48B6-4151-BDD7-4ED4F942BB57}.Release|Any CPU.Build.0 = Release|Any CPU
		{D3C0EB7C-D7F9-495C-8071-48EE8B969AD0}.Debug|Any CPU.ActiveCfg = Debug|Any CPU
		{D3C0EB7C-D7F9-495C-8071-48EE8B969AD0}.Debug|Any CPU.Build.0 = Debug|Any CPU
		{D3C0EB7C-D7F9-495C-8071-48EE8B969AD0}.Release|Any CPU.ActiveCfg = Release|Any CPU
		{D3C0EB7C-D7F9-495C-8071-48EE8B969AD0}.Release|Any CPU.Build.0 = Release|Any CPU
	EndGlobalSection
	GlobalSection(SolutionProperties) = preSolution
		HideSolutionNode = FALSE
	EndGlobalSection
	GlobalSection(NestedProjects) = preSolution
		{DD8DA9E3-D5E7-4397-B90E-0789A44A84CD} = {FFBB29A5-99B5-4A3A-8E82-CE8FCB1D4C64}
		{8A1E8ED3-A667-4672-8FF1-0655A3791470} = {FFBB29A5-99B5-4A3A-8E82-CE8FCB1D4C64}
	EndGlobalSection
	GlobalSection(ExtensibilityGlobals) = postSolution
		SolutionGuid = {B84E3B1D-A92F-40D8-AE50-6846438F85AE}
	EndGlobalSection
EndGlobal
